
Microsoft Visual Studio Solution File, Format Version 12.00
# Visual Studio Version 16
VisualStudioVersion = 16.0.30621.155
MinimumVisualStudioVersion = 10.0.40219.1
Project("{FAE04EC0-301F-11D3-BF4B-00C04F79EFBC}") = "AdminBanHang", "AdminBanHang\AdminBanHang.csproj", "{F2787982-87A2-4C76-BBA6-97329A842F55}"
EndProject
Global
	GlobalSection(SolutionConfigurationPlatforms) = preSolution
		Debug|Any CPU = Debug|Any CPU
		Release|Any CPU = Release|Any CPU
	EndGlobalSection
	GlobalSection(ProjectConfigurationPlatforms) = postSolution
		{F2787982-87A2-4C76-BBA6-97329A842F55}.Debug|Any CPU.ActiveCfg = Debug|Any CPU
		{F2787982-87A2-4C76-BBA6-97329A842F55}.Debug|Any CPU.Build.0 = Debug|Any CPU
		{F2787982-87A2-4C76-BBA6-97329A842F55}.Release|Any CPU.ActiveCfg = Release|Any CPU
		{F2787982-87A2-4C76-BBA6-97329A842F55}.Release|Any CPU.Build.0 = Release|Any CPU
	EndGlobalSection
	GlobalSection(SolutionProperties) = preSolution
		HideSolutionNode = FALSE
	EndGlobalSection
	GlobalSection(ExtensibilityGlobals) = postSolution
		SolutionGuid = {9814EFD8-560A-47AA-A683-B46E0327C73F}
	EndGlobalSection
EndGlobal
